
Microsoft Visual Studio Solution File, Format Version 12.00
# Visual Studio Version 17
VisualStudioVersion = 17.9.34728.123
MinimumVisualStudioVersion = 10.0.40219.1
Project("{FAE04EC0-301F-11D3-BF4B-00C04F79EFBC}") = "Task 16.05", "Task 16.05\Task 16.05.csproj", "{0AEEA8D1-DB6C-4B0B-8F9B-068A0AA0ED93}"
EndProject
Global
	GlobalSection(SolutionConfigurationPlatforms) = preSolution
		Debug|Any CPU = Debug|Any CPU
		Release|Any CPU = Release|Any CPU
	EndGlobalSection
	GlobalSection(ProjectConfigurationPlatforms) = postSolution
		{0AEEA8D1-DB6C-4B0B-8F9B-068A0AA0ED93}.Debug|Any CPU.ActiveCfg = Debug|Any CPU
		{0AEEA8D1-DB6C-4B0B-8F9B-068A0AA0ED93}.Debug|Any CPU.Build.0 = Debug|Any CPU
		{0AEEA8D1-DB6C-4B0B-8F9B-068A0AA0ED93}.Release|Any CPU.ActiveCfg = Release|Any CPU
		{0AEEA8D1-DB6C-4B0B-8F9B-068A0AA0ED93}.Release|Any CPU.Build.0 = Release|Any CPU
	EndGlobalSection
	GlobalSection(SolutionProperties) = preSolution
		HideSolutionNode = FALSE
	EndGlobalSection
	GlobalSection(ExtensibilityGlobals) = postSolution
		SolutionGuid = {49CDE11B-B9FE-480E-BD4B-454022492BAC}
	EndGlobalSection
EndGlobal
